// !$*UTF8*$!
{
	archiveVersion = 1;
	classes = {
	};
	objectVersion = 46;
	objects = {

/* Begin PBXBuildFile section */
		3A8BD645C79A2CE7D5A9100F /* libPods-TNews.a in Frameworks */ = {isa = PBXBuildFile; fileRef = F665D0197C5E4D136864A616 /* libPods-TNews.a */; };
		7ED2F0811D44E4B200839CAF /* MainViewCotroller.m in Sources */ = {isa = PBXBuildFile; fileRef = 7ED2F0801D44E4B200839CAF /* MainViewCotroller.m */; };
		7ED2F0861D44E79700839CAF /* NewsCell.m in Sources */ = {isa = PBXBuildFile; fileRef = 7ED2F0841D44E79700839CAF /* NewsCell.m */; };
		7ED2F0871D44E79700839CAF /* NewsCell.xib in Resources */ = {isa = PBXBuildFile; fileRef = 7ED2F0851D44E79700839CAF /* NewsCell.xib */; };
		7ED2F08A1D44EB0000839CAF /* SliderView.m in Sources */ = {isa = PBXBuildFile; fileRef = 7ED2F0891D44EB0000839CAF /* SliderView.m */; };
		7ED2F08D1D44EBAF00839CAF /* SliderViewController.m in Sources */ = {isa = PBXBuildFile; fileRef = 7ED2F08C1D44EBAF00839CAF /* SliderViewController.m */; };
		7ED2F0911D44F65F00839CAF /* JSONValueTransformer+URLTransformer.m in Sources */ = {isa = PBXBuildFile; fileRef = 7ED2F0901D44F65F00839CAF /* JSONValueTransformer+URLTransformer.m */; };
		7EE589AE1D43F56000B75180 /* main.m in Sources */ = {isa = PBXBuildFile; fileRef = 7EE589AD1D43F56000B75180 /* main.m */; };
		7EE589B11D43F56000B75180 /* AppDelegate.m in Sources */ = {isa = PBXBuildFile; fileRef = 7EE589B01D43F56000B75180 /* AppDelegate.m */; };
		7EE589B71D43F56000B75180 /* Main.storyboard in Resources */ = {isa = PBXBuildFile; fileRef = 7EE589B51D43F56000B75180 /* Main.storyboard */; };
		7EE589B91D43F56000B75180 /* Assets.xcassets in Resources */ = {isa = PBXBuildFile; fileRef = 7EE589B81D43F56000B75180 /* Assets.xcassets */; };
		7EE589BC1D43F56000B75180 /* LaunchScreen.storyboard in Resources */ = {isa = PBXBuildFile; fileRef = 7EE589BA1D43F56000B75180 /* LaunchScreen.storyboard */; };
		7EE589C71D43F56000B75180 /* TNewsTests.m in Sources */ = {isa = PBXBuildFile; fileRef = 7EE589C61D43F56000B75180 /* TNewsTests.m */; };
		7EE589D81D43F87E00B75180 /* SwipeView.m in Sources */ = {isa = PBXBuildFile; fileRef = 7EE589D71D43F87E00B75180 /* SwipeView.m */; };
		7EE589DC1D43F89D00B75180 /* CAPSPageMenu.m in Sources */ = {isa = PBXBuildFile; fileRef = 7EE589DB1D43F89D00B75180 /* CAPSPageMenu.m */; };
		7EE589E11D43FDAE00B75180 /* ServiceManager.m in Sources */ = {isa = PBXBuildFile; fileRef = 7EE589E01D43FDAE00B75180 /* ServiceManager.m */; };
		7EE589E41D43FDE400B75180 /* APIClient.m in Sources */ = {isa = PBXBuildFile; fileRef = 7EE589E31D43FDE400B75180 /* APIClient.m */; };
		7EE589E81D44035400B75180 /* News.m in Sources */ = {isa = PBXBuildFile; fileRef = 7EE589E71D44035400B75180 /* News.m */; };
		7EE589EB1D44044E00B75180 /* NewsCategory.m in Sources */ = {isa = PBXBuildFile; fileRef = 7EE589EA1D44044E00B75180 /* NewsCategory.m */; };
		7EE589EE1D44061800B75180 /* NewsImages.m in Sources */ = {isa = PBXBuildFile; fileRef = 7EE589ED1D44061800B75180 /* NewsImages.m */; };
		7EE589F41D440C9800B75180 /* NewsPaging.m in Sources */ = {isa = PBXBuildFile; fileRef = 7EE589F31D440C9800B75180 /* NewsPaging.m */; };
		7EE589FF1D44246F00B75180 /* CategoriesResponse.m in Sources */ = {isa = PBXBuildFile; fileRef = 7EE589FC1D44246F00B75180 /* CategoriesResponse.m */; };
		7EE58A001D44246F00B75180 /* StoriesResponse.m in Sources */ = {isa = PBXBuildFile; fileRef = 7EE589FE1D44246F00B75180 /* StoriesResponse.m */; };
		7EE58A031D4425B100B75180 /* BaseResponse.m in Sources */ = {isa = PBXBuildFile; fileRef = 7EE58A021D4425B100B75180 /* BaseResponse.m */; };
		DE497C5D037850601667CE7E /* libPods-TNewsTests.a in Frameworks */ = {isa = PBXBuildFile; fileRef = DE903DAA906703DD5B205561 /* libPods-TNewsTests.a */; };
/* End PBXBuildFile section */

/* Begin PBXContainerItemProxy section */
		7EE589C31D43F56000B75180 /* PBXContainerItemProxy */ = {
			isa = PBXContainerItemProxy;
			containerPortal = 7EE589A11D43F56000B75180 /* Project object */;
			proxyType = 1;
			remoteGlobalIDString = 7EE589A81D43F56000B75180;
			remoteInfo = TNews;
		};
/* End PBXContainerItemProxy section */

/* Begin PBXFileReference section */
		43F30158BABD33BC65115FDE /* Pods-TNewsTests.debug.xcconfig */ = {isa = PBXFileReference; includeInIndex = 1; lastKnownFileType = text.xcconfig; name = "Pods-TNewsTests.debug.xcconfig"; path = "Pods/Target Support Files/Pods-TNewsTests/Pods-TNewsTests.debug.xcconfig"; sourceTree = "<group>"; };
		7ED2F07F1D44E4B200839CAF /* MainViewCotroller.h */ = {isa = PBXFileReference; fileEncoding = 4; lastKnownFileType = sourcecode.c.h; path = MainViewCotroller.h; sourceTree = "<group>"; };
		7ED2F0801D44E4B200839CAF /* MainViewCotroller.m */ = {isa = PBXFileReference; fileEncoding = 4; lastKnownFileType = sourcecode.c.objc; path = MainViewCotroller.m; sourceTree = "<group>"; };
		7ED2F0831D44E79700839CAF /* NewsCell.h */ = {isa = PBXFileReference; fileEncoding = 4; lastKnownFileType = sourcecode.c.h; path = NewsCell.h; sourceTree = "<group>"; };
		7ED2F0841D44E79700839CAF /* NewsCell.m */ = {isa = PBXFileReference; fileEncoding = 4; lastKnownFileType = sourcecode.c.objc; path = NewsCell.m; sourceTree = "<group>"; };
		7ED2F0851D44E79700839CAF /* NewsCell.xib */ = {isa = PBXFileReference; fileEncoding = 4; lastKnownFileType = file.xib; path = NewsCell.xib; sourceTree = "<group>"; };
		7ED2F0881D44EB0000839CAF /* SliderView.h */ = {isa = PBXFileReference; fileEncoding = 4; lastKnownFileType = sourcecode.c.h; path = SliderView.h; sourceTree = "<group>"; };
		7ED2F0891D44EB0000839CAF /* SliderView.m */ = {isa = PBXFileReference; fileEncoding = 4; lastKnownFileType = sourcecode.c.objc; path = SliderView.m; sourceTree = "<group>"; };
		7ED2F08B1D44EBAF00839CAF /* SliderViewController.h */ = {isa = PBXFileReference; fileEncoding = 4; lastKnownFileType = sourcecode.c.h; path = SliderViewController.h; sourceTree = "<group>"; };
		7ED2F08C1D44EBAF00839CAF /* SliderViewController.m */ = {isa = PBXFileReference; fileEncoding = 4; lastKnownFileType = sourcecode.c.objc; path = SliderViewController.m; sourceTree = "<group>"; };
		7ED2F08E1D44EC5C00839CAF /* PrefixHeader.pch */ = {isa = PBXFileReference; lastKnownFileType = sourcecode.c.h; path = PrefixHeader.pch; sourceTree = "<group>"; };
		7ED2F08F1D44F65F00839CAF /* JSONValueTransformer+URLTransformer.h */ = {isa = PBXFileReference; fileEncoding = 4; lastKnownFileType = sourcecode.c.h; path = "JSONValueTransformer+URLTransformer.h"; sourceTree = "<group>"; };
		7ED2F0901D44F65F00839CAF /* JSONValueTransformer+URLTransformer.m */ = {isa = PBXFileReference; fileEncoding = 4; lastKnownFileType = sourcecode.c.objc; path = "JSONValueTransformer+URLTransformer.m"; sourceTree = "<group>"; };
		7EE589A91D43F56000B75180 /* TNews.app */ = {isa = PBXFileReference; explicitFileType = wrapper.application; includeInIndex = 0; path = TNews.app; sourceTree = BUILT_PRODUCTS_DIR; };
		7EE589AD1D43F56000B75180 /* main.m */ = {isa = PBXFileReference; lastKnownFileType = sourcecode.c.objc; path = main.m; sourceTree = "<group>"; };
		7EE589AF1D43F56000B75180 /* AppDelegate.h */ = {isa = PBXFileReference; lastKnownFileType = sourcecode.c.h; path = AppDelegate.h; sourceTree = "<group>"; };
		7EE589B01D43F56000B75180 /* AppDelegate.m */ = {isa = PBXFileReference; lastKnownFileType = sourcecode.c.objc; path = AppDelegate.m; sourceTree = "<group>"; };
		7EE589B61D43F56000B75180 /* Base */ = {isa = PBXFileReference; lastKnownFileType = file.storyboard; name = Base; path = Base.lproj/Main.storyboard; sourceTree = "<group>"; };
		7EE589B81D43F56000B75180 /* Assets.xcassets */ = {isa = PBXFileReference; lastKnownFileType = folder.assetcatalog; path = Assets.xcassets; sourceTree = "<group>"; };
		7EE589BB1D43F56000B75180 /* Base */ = {isa = PBXFileReference; lastKnownFileType = file.storyboard; name = Base; path = Base.lproj/LaunchScreen.storyboard; sourceTree = "<group>"; };
		7EE589BD1D43F56000B75180 /* Info.plist */ = {isa = PBXFileReference; lastKnownFileType = text.plist.xml; path = Info.plist; sourceTree = "<group>"; };
		7EE589C21D43F56000B75180 /* TNewsTests.xctest */ = {isa = PBXFileReference; explicitFileType = wrapper.cfbundle; includeInIndex = 0; path = TNewsTests.xctest; sourceTree = BUILT_PRODUCTS_DIR; };
		7EE589C61D43F56000B75180 /* TNewsTests.m */ = {isa = PBXFileReference; lastKnownFileType = sourcecode.c.objc; path = TNewsTests.m; sourceTree = "<group>"; };
		7EE589C81D43F56000B75180 /* Info.plist */ = {isa = PBXFileReference; lastKnownFileType = text.plist.xml; path = Info.plist; sourceTree = "<group>"; };
		7EE589D61D43F87E00B75180 /* SwipeView.h */ = {isa = PBXFileReference; fileEncoding = 4; lastKnownFileType = sourcecode.c.h; path = SwipeView.h; sourceTree = "<group>"; };
		7EE589D71D43F87E00B75180 /* SwipeView.m */ = {isa = PBXFileReference; fileEncoding = 4; lastKnownFileType = sourcecode.c.objc; path = SwipeView.m; sourceTree = "<group>"; };
		7EE589DA1D43F89D00B75180 /* CAPSPageMenu.h */ = {isa = PBXFileReference; fileEncoding = 4; lastKnownFileType = sourcecode.c.h; path = CAPSPageMenu.h; sourceTree = "<group>"; };
		7EE589DB1D43F89D00B75180 /* CAPSPageMenu.m */ = {isa = PBXFileReference; fileEncoding = 4; lastKnownFileType = sourcecode.c.objc; path = CAPSPageMenu.m; sourceTree = "<group>"; };
		7EE589DF1D43FDAE00B75180 /* ServiceManager.h */ = {isa = PBXFileReference; fileEncoding = 4; lastKnownFileType = sourcecode.c.h; path = ServiceManager.h; sourceTree = "<group>"; };
		7EE589E01D43FDAE00B75180 /* ServiceManager.m */ = {isa = PBXFileReference; fileEncoding = 4; lastKnownFileType = sourcecode.c.objc; path = ServiceManager.m; sourceTree = "<group>"; };
		7EE589E21D43FDE400B75180 /* APIClient.h */ = {isa = PBXFileReference; fileEncoding = 4; lastKnownFileType = sourcecode.c.h; path = APIClient.h; sourceTree = "<group>"; };
		7EE589E31D43FDE400B75180 /* APIClient.m */ = {isa = PBXFileReference; fileEncoding = 4; lastKnownFileType = sourcecode.c.objc; path = APIClient.m; sourceTree = "<group>"; };
		7EE589E61D44035400B75180 /* News.h */ = {isa = PBXFileReference; fileEncoding = 4; lastKnownFileType = sourcecode.c.h; path = News.h; sourceTree = "<group>"; };
		7EE589E71D44035400B75180 /* News.m */ = {isa = PBXFileReference; fileEncoding = 4; lastKnownFileType = sourcecode.c.objc; path = News.m; sourceTree = "<group>"; };
		7EE589E91D44044E00B75180 /* NewsCategory.h */ = {isa = PBXFileReference; fileEncoding = 4; lastKnownFileType = sourcecode.c.h; path = NewsCategory.h; sourceTree = "<group>"; };
		7EE589EA1D44044E00B75180 /* NewsCategory.m */ = {isa = PBXFileReference; fileEncoding = 4; lastKnownFileType = sourcecode.c.objc; path = NewsCategory.m; sourceTree = "<group>"; };
		7EE589EC1D44061800B75180 /* NewsImages.h */ = {isa = PBXFileReference; fileEncoding = 4; lastKnownFileType = sourcecode.c.h; path = NewsImages.h; sourceTree = "<group>"; };
		7EE589ED1D44061800B75180 /* NewsImages.m */ = {isa = PBXFileReference; fileEncoding = 4; lastKnownFileType = sourcecode.c.objc; path = NewsImages.m; sourceTree = "<group>"; };
		7EE589F21D440C9800B75180 /* NewsPaging.h */ = {isa = PBXFileReference; fileEncoding = 4; lastKnownFileType = sourcecode.c.h; path = NewsPaging.h; sourceTree = "<group>"; };
		7EE589F31D440C9800B75180 /* NewsPaging.m */ = {isa = PBXFileReference; fileEncoding = 4; lastKnownFileType = sourcecode.c.objc; path = NewsPaging.m; sourceTree = "<group>"; };
		7EE589FA1D44246F00B75180 /* APIResponseModels.h */ = {isa = PBXFileReference; fileEncoding = 4; lastKnownFileType = sourcecode.c.h; path = APIResponseModels.h; sourceTree = "<group>"; };
		7EE589FB1D44246F00B75180 /* CategoriesResponse.h */ = {isa = PBXFileReference; fileEncoding = 4; lastKnownFileType = sourcecode.c.h; path = CategoriesResponse.h; sourceTree = "<group>"; };
		7EE589FC1D44246F00B75180 /* CategoriesResponse.m */ = {isa = PBXFileReference; fileEncoding = 4; lastKnownFileType = sourcecode.c.objc; path = CategoriesResponse.m; sourceTree = "<group>"; };
		7EE589FD1D44246F00B75180 /* StoriesResponse.h */ = {isa = PBXFileReference; fileEncoding = 4; lastKnownFileType = sourcecode.c.h; path = StoriesResponse.h; sourceTree = "<group>"; };
		7EE589FE1D44246F00B75180 /* StoriesResponse.m */ = {isa = PBXFileReference; fileEncoding = 4; lastKnownFileType = sourcecode.c.objc; path = StoriesResponse.m; sourceTree = "<group>"; };
		7EE58A011D4425B100B75180 /* BaseResponse.h */ = {isa = PBXFileReference; fileEncoding = 4; lastKnownFileType = sourcecode.c.h; path = BaseResponse.h; sourceTree = "<group>"; };
		7EE58A021D4425B100B75180 /* BaseResponse.m */ = {isa = PBXFileReference; fileEncoding = 4; lastKnownFileType = sourcecode.c.objc; path = BaseResponse.m; sourceTree = "<group>"; };
		8264FDA1B746A432DE096FA4 /* Pods-TNews.release.xcconfig */ = {isa = PBXFileReference; includeInIndex = 1; lastKnownFileType = text.xcconfig; name = "Pods-TNews.release.xcconfig"; path = "Pods/Target Support Files/Pods-TNews/Pods-TNews.release.xcconfig"; sourceTree = "<group>"; };
		BB96586F1511FB1CAAAF5FC1 /* Pods-TNewsTests.release.xcconfig */ = {isa = PBXFileReference; includeInIndex = 1; lastKnownFileType = text.xcconfig; name = "Pods-TNewsTests.release.xcconfig"; path = "Pods/Target Support Files/Pods-TNewsTests/Pods-TNewsTests.release.xcconfig"; sourceTree = "<group>"; };
		DE903DAA906703DD5B205561 /* libPods-TNewsTests.a */ = {isa = PBXFileReference; explicitFileType = archive.ar; includeInIndex = 0; path = "libPods-TNewsTests.a"; sourceTree = BUILT_PRODUCTS_DIR; };
		EC819AFA874A1757A0808C86 /* Pods-TNews.debug.xcconfig */ = {isa = PBXFileReference; includeInIndex = 1; lastKnownFileType = text.xcconfig; name = "Pods-TNews.debug.xcconfig"; path = "Pods/Target Support Files/Pods-TNews/Pods-TNews.debug.xcconfig"; sourceTree = "<group>"; };
		F665D0197C5E4D136864A616 /* libPods-TNews.a */ = {isa = PBXFileReference; explicitFileType = archive.ar; includeInIndex = 0; path = "libPods-TNews.a"; sourceTree = BUILT_PRODUCTS_DIR; };
/* End PBXFileReference section */

/* Begin PBXFrameworksBuildPhase section */
		7EE589A61D43F56000B75180 /* Frameworks */ = {
			isa = PBXFrameworksBuildPhase;
			buildActionMask = 2147483647;
			files = (
				3A8BD645C79A2CE7D5A9100F /* libPods-TNews.a in Frameworks */,
			);
			runOnlyForDeploymentPostprocessing = 0;
		};
		7EE589BF1D43F56000B75180 /* Frameworks */ = {
			isa = PBXFrameworksBuildPhase;
			buildActionMask = 2147483647;
			files = (
				DE497C5D037850601667CE7E /* libPods-TNewsTests.a in Frameworks */,
			);
			runOnlyForDeploymentPostprocessing = 0;
		};
/* End PBXFrameworksBuildPhase section */

/* Begin PBXGroup section */
		29588698AE5851A385A59D0C /* Frameworks */ = {
			isa = PBXGroup;
			children = (
				F665D0197C5E4D136864A616 /* libPods-TNews.a */,
				DE903DAA906703DD5B205561 /* libPods-TNewsTests.a */,
			);
			name = Frameworks;
			sourceTree = "<group>";
		};
		7ED2F0751D44E25C00839CAF /* Controllers */ = {
			isa = PBXGroup;
			children = (
				7ED2F07F1D44E4B200839CAF /* MainViewCotroller.h */,
				7ED2F0801D44E4B200839CAF /* MainViewCotroller.m */,
				7ED2F08B1D44EBAF00839CAF /* SliderViewController.h */,
				7ED2F08C1D44EBAF00839CAF /* SliderViewController.m */,
			);
			path = Controllers;
			sourceTree = "<group>";
		};
		7ED2F0821D44E76000839CAF /* Views */ = {
			isa = PBXGroup;
			children = (
				7ED2F0831D44E79700839CAF /* NewsCell.h */,
				7ED2F0841D44E79700839CAF /* NewsCell.m */,
				7ED2F0851D44E79700839CAF /* NewsCell.xib */,
				7ED2F0881D44EB0000839CAF /* SliderView.h */,
				7ED2F0891D44EB0000839CAF /* SliderView.m */,
			);
			path = Views;
			sourceTree = "<group>";
		};
		7EE589A01D43F56000B75180 = {
			isa = PBXGroup;
			children = (
				7EE589AB1D43F56000B75180 /* TNews */,
				7EE589C51D43F56000B75180 /* TNewsTests */,
				7EE589AA1D43F56000B75180 /* Products */,
				D2A4D8B646AC8EE5C6C3E5C3 /* Pods */,
				29588698AE5851A385A59D0C /* Frameworks */,
			);
			sourceTree = "<group>";
		};
		7EE589AA1D43F56000B75180 /* Products */ = {
			isa = PBXGroup;
			children = (
				7EE589A91D43F56000B75180 /* TNews.app */,
				7EE589C21D43F56000B75180 /* TNewsTests.xctest */,
			);
			name = Products;
			sourceTree = "<group>";
		};
		7EE589AB1D43F56000B75180 /* TNews */ = {
			isa = PBXGroup;
			children = (
				7ED2F0821D44E76000839CAF /* Views */,
				7ED2F0751D44E25C00839CAF /* Controllers */,
				7EE589E51D4402E400B75180 /* Models */,
				7EE589DD1D43FD3300B75180 /* Managers */,
				7EE589D41D43F86C00B75180 /* Libraries */,
				7EE589AF1D43F56000B75180 /* AppDelegate.h */,
				7EE589B01D43F56000B75180 /* AppDelegate.m */,
				7EE589AC1D43F56000B75180 /* Supporting Files */,
				7EE589B51D43F56000B75180 /* Main.storyboard */,
				7EE589BA1D43F56000B75180 /* LaunchScreen.storyboard */,
				7EE589BD1D43F56000B75180 /* Info.plist */,
				7EE589B81D43F56000B75180 /* Assets.xcassets */,
			);
			path = TNews;
			sourceTree = "<group>";
		};
		7EE589AC1D43F56000B75180 /* Supporting Files */ = {
			isa = PBXGroup;
			children = (
				7EE589AD1D43F56000B75180 /* main.m */,
				7ED2F08E1D44EC5C00839CAF /* PrefixHeader.pch */,
			);
			name = "Supporting Files";
			sourceTree = "<group>";
		};
		7EE589C51D43F56000B75180 /* TNewsTests */ = {
			isa = PBXGroup;
			children = (
				7EE589C61D43F56000B75180 /* TNewsTests.m */,
				7EE589C81D43F56000B75180 /* Info.plist */,
			);
			path = TNewsTests;
			sourceTree = "<group>";
		};
		7EE589D41D43F86C00B75180 /* Libraries */ = {
			isa = PBXGroup;
			children = (
				7EE589D91D43F89D00B75180 /* PageMenu */,
				7EE589D51D43F87E00B75180 /* SwipeView */,
			);
			path = Libraries;
			sourceTree = "<group>";
		};
		7EE589D51D43F87E00B75180 /* SwipeView */ = {
			isa = PBXGroup;
			children = (
				7EE589D61D43F87E00B75180 /* SwipeView.h */,
				7EE589D71D43F87E00B75180 /* SwipeView.m */,
			);
			path = SwipeView;
			sourceTree = "<group>";
		};
		7EE589D91D43F89D00B75180 /* PageMenu */ = {
			isa = PBXGroup;
			children = (
				7EE589DA1D43F89D00B75180 /* CAPSPageMenu.h */,
				7EE589DB1D43F89D00B75180 /* CAPSPageMenu.m */,
			);
			path = PageMenu;
			sourceTree = "<group>";
		};
		7EE589DD1D43FD3300B75180 /* Managers */ = {
			isa = PBXGroup;
			children = (
				7EE589DE1D43FD3300B75180 /* ServiceManager */,
			);
			path = Managers;
			sourceTree = "<group>";
		};
		7EE589DE1D43FD3300B75180 /* ServiceManager */ = {
			isa = PBXGroup;
			children = (
				7EE589DF1D43FDAE00B75180 /* ServiceManager.h */,
				7EE589E01D43FDAE00B75180 /* ServiceManager.m */,
				7EE589E21D43FDE400B75180 /* APIClient.h */,
				7EE589E31D43FDE400B75180 /* APIClient.m */,
			);
			path = ServiceManager;
			sourceTree = "<group>";
		};
		7EE589E51D4402E400B75180 /* Models */ = {
			isa = PBXGroup;
			children = (
				7EE589F91D44246F00B75180 /* ResponseModels */,
				7EE589E61D44035400B75180 /* News.h */,
				7EE589E71D44035400B75180 /* News.m */,
				7EE589E91D44044E00B75180 /* NewsCategory.h */,
				7EE589EA1D44044E00B75180 /* NewsCategory.m */,
				7EE589EC1D44061800B75180 /* NewsImages.h */,
				7EE589ED1D44061800B75180 /* NewsImages.m */,
				7EE589F21D440C9800B75180 /* NewsPaging.h */,
				7EE589F31D440C9800B75180 /* NewsPaging.m */,
				7ED2F08F1D44F65F00839CAF /* JSONValueTransformer+URLTransformer.h */,
				7ED2F0901D44F65F00839CAF /* JSONValueTransformer+URLTransformer.m */,
			);
			path = Models;
			sourceTree = "<group>";
		};
		7EE589F91D44246F00B75180 /* ResponseModels */ = {
			isa = PBXGroup;
			children = (
				7EE589FA1D44246F00B75180 /* APIResponseModels.h */,
				7EE589FB1D44246F00B75180 /* CategoriesResponse.h */,
				7EE589FC1D44246F00B75180 /* CategoriesResponse.m */,
				7EE589FD1D44246F00B75180 /* StoriesResponse.h */,
				7EE589FE1D44246F00B75180 /* StoriesResponse.m */,
				7EE58A011D4425B100B75180 /* BaseResponse.h */,
				7EE58A021D4425B100B75180 /* BaseResponse.m */,
			);
			path = ResponseModels;
			sourceTree = "<group>";
		};
		D2A4D8B646AC8EE5C6C3E5C3 /* Pods */ = {
			isa = PBXGroup;
			children = (
				EC819AFA874A1757A0808C86 /* Pods-TNews.debug.xcconfig */,
				8264FDA1B746A432DE096FA4 /* Pods-TNews.release.xcconfig */,
				43F30158BABD33BC65115FDE /* Pods-TNewsTests.debug.xcconfig */,
				BB96586F1511FB1CAAAF5FC1 /* Pods-TNewsTests.release.xcconfig */,
			);
			name = Pods;
			sourceTree = "<group>";
		};
/* End PBXGroup section */

/* Begin PBXNativeTarget section */
		7EE589A81D43F56000B75180 /* TNews */ = {
			isa = PBXNativeTarget;
			buildConfigurationList = 7EE589CB1D43F56000B75180 /* Build configuration list for PBXNativeTarget "TNews" */;
			buildPhases = (
				F18F2719CB0E6A6469D57E83 /* [CP] Check Pods Manifest.lock */,
				7EE589A51D43F56000B75180 /* Sources */,
				7EE589A61D43F56000B75180 /* Frameworks */,
				7EE589A71D43F56000B75180 /* Resources */,
				06E1809236A93F2B0D4F0EAA /* [CP] Embed Pods Frameworks */,
				AAAF60A19312A92670AC4426 /* [CP] Copy Pods Resources */,
			);
			buildRules = (
			);
			dependencies = (
			);
			name = TNews;
			productName = TNews;
			productReference = 7EE589A91D43F56000B75180 /* TNews.app */;
			productType = "com.apple.product-type.application";
		};
		7EE589C11D43F56000B75180 /* TNewsTests */ = {
			isa = PBXNativeTarget;
			buildConfigurationList = 7EE589CE1D43F56000B75180 /* Build configuration list for PBXNativeTarget "TNewsTests" */;
			buildPhases = (
				1008832B28BE6EE64D3A9F91 /* [CP] Check Pods Manifest.lock */,
				7EE589BE1D43F56000B75180 /* Sources */,
				7EE589BF1D43F56000B75180 /* Frameworks */,
				7EE589C01D43F56000B75180 /* Resources */,
				5CF7C3C6EFDB19D7D60F1A2A /* [CP] Embed Pods Frameworks */,
				0EE08505835853385C3B5AA9 /* [CP] Copy Pods Resources */,
			);
			buildRules = (
			);
			dependencies = (
				7EE589C41D43F56000B75180 /* PBXTargetDependency */,
			);
			name = TNewsTests;
			productName = TNewsTests;
			productReference = 7EE589C21D43F56000B75180 /* TNewsTests.xctest */;
			productType = "com.apple.product-type.bundle.unit-test";
		};
/* End PBXNativeTarget section */

/* Begin PBXProject section */
		7EE589A11D43F56000B75180 /* Project object */ = {
			isa = PBXProject;
			attributes = {
				LastUpgradeCheck = 0730;
				ORGANIZATIONNAME = "Soner Güler";
				TargetAttributes = {
					7EE589A81D43F56000B75180 = {
						CreatedOnToolsVersion = 7.3.1;
					};
					7EE589C11D43F56000B75180 = {
						CreatedOnToolsVersion = 7.3.1;
						TestTargetID = 7EE589A81D43F56000B75180;
					};
				};
			};
			buildConfigurationList = 7EE589A41D43F56000B75180 /* Build configuration list for PBXProject "TNews" */;
			compatibilityVersion = "Xcode 3.2";
			developmentRegion = English;
			hasScannedForEncodings = 0;
			knownRegions = (
				en,
				Base,
			);
			mainGroup = 7EE589A01D43F56000B75180;
			productRefGroup = 7EE589AA1D43F56000B75180 /* Products */;
			projectDirPath = "";
			projectRoot = "";
			targets = (
				7EE589A81D43F56000B75180 /* TNews */,
				7EE589C11D43F56000B75180 /* TNewsTests */,
			);
		};
/* End PBXProject section */

/* Begin PBXResourcesBuildPhase section */
		7EE589A71D43F56000B75180 /* Resources */ = {
			isa = PBXResourcesBuildPhase;
			buildActionMask = 2147483647;
			files = (
				7EE589BC1D43F56000B75180 /* LaunchScreen.storyboard in Resources */,
				7EE589B91D43F56000B75180 /* Assets.xcassets in Resources */,
				7ED2F0871D44E79700839CAF /* NewsCell.xib in Resources */,
				7EE589B71D43F56000B75180 /* Main.storyboard in Resources */,
			);
			runOnlyForDeploymentPostprocessing = 0;
		};
		7EE589C01D43F56000B75180 /* Resources */ = {
			isa = PBXResourcesBuildPhase;
			buildActionMask = 2147483647;
			files = (
			);
			runOnlyForDeploymentPostprocessing = 0;
		};
/* End PBXResourcesBuildPhase section */

/* Begin PBXShellScriptBuildPhase section */
		06E1809236A93F2B0D4F0EAA /* [CP] Embed Pods Frameworks */ = {
			isa = PBXShellScriptBuildPhase;
			buildActionMask = 2147483647;
			files = (
			);
			inputPaths = (
			);
			name = "[CP] Embed Pods Frameworks";
			outputPaths = (
			);
			runOnlyForDeploymentPostprocessing = 0;
			shellPath = /bin/sh;
			shellScript = "\"${SRCROOT}/Pods/Target Support Files/Pods-TNews/Pods-TNews-frameworks.sh\"\n";
			showEnvVarsInLog = 0;
		};
		0EE08505835853385C3B5AA9 /* [CP] Copy Pods Resources */ = {
			isa = PBXShellScriptBuildPhase;
			buildActionMask = 2147483647;
			files = (
			);
			inputPaths = (
			);
			name = "[CP] Copy Pods Resources";
			outputPaths = (
			);
			runOnlyForDeploymentPostprocessing = 0;
			shellPath = /bin/sh;
			shellScript = "\"${SRCROOT}/Pods/Target Support Files/Pods-TNewsTests/Pods-TNewsTests-resources.sh\"\n";
			showEnvVarsInLog = 0;
		};
		1008832B28BE6EE64D3A9F91 /* [CP] Check Pods Manifest.lock */ = {
			isa = PBXShellScriptBuildPhase;
			buildActionMask = 2147483647;
			files = (
			);
			inputPaths = (
			);
			name = "[CP] Check Pods Manifest.lock";
			outputPaths = (
			);
			runOnlyForDeploymentPostprocessing = 0;
			shellPath = /bin/sh;
			shellScript = "diff \"${PODS_ROOT}/../Podfile.lock\" \"${PODS_ROOT}/Manifest.lock\" > /dev/null\nif [[ $? != 0 ]] ; then\n    cat << EOM\nerror: The sandbox is not in sync with the Podfile.lock. Run 'pod install' or update your CocoaPods installation.\nEOM\n    exit 1\nfi\n";
			showEnvVarsInLog = 0;
		};
		5CF7C3C6EFDB19D7D60F1A2A /* [CP] Embed Pods Frameworks */ = {
			isa = PBXShellScriptBuildPhase;
			buildActionMask = 2147483647;
			files = (
			);
			inputPaths = (
			);
			name = "[CP] Embed Pods Frameworks";
			outputPaths = (
			);
			runOnlyForDeploymentPostprocessing = 0;
			shellPath = /bin/sh;
			shellScript = "\"${SRCROOT}/Pods/Target Support Files/Pods-TNewsTests/Pods-TNewsTests-frameworks.sh\"\n";
			showEnvVarsInLog = 0;
		};
		AAAF60A19312A92670AC4426 /* [CP] Copy Pods Resources */ = {
			isa = PBXShellScriptBuildPhase;
			buildActionMask = 2147483647;
			files = (
			);
			inputPaths = (
			);
			name = "[CP] Copy Pods Resources";
			outputPaths = (
			);
			runOnlyForDeploymentPostprocessing = 0;
			shellPath = /bin/sh;
			shellScript = "\"${SRCROOT}/Pods/Target Support Files/Pods-TNews/Pods-TNews-resources.sh\"\n";
			showEnvVarsInLog = 0;
		};
		F18F2719CB0E6A6469D57E83 /* [CP] Check Pods Manifest.lock */ = {
			isa = PBXShellScriptBuildPhase;
			buildActionMask = 2147483647;
			files = (
			);
			inputPaths = (
			);
			name = "[CP] Check Pods Manifest.lock";
			outputPaths = (
			);
			runOnlyForDeploymentPostprocessing = 0;
			shellPath = /bin/sh;
			shellScript = "diff \"${PODS_ROOT}/../Podfile.lock\" \"${PODS_ROOT}/Manifest.lock\" > /dev/null\nif [[ $? != 0 ]] ; then\n    cat << EOM\nerror: The sandbox is not in sync with the Podfile.lock. Run 'pod install' or update your CocoaPods installation.\nEOM\n    exit 1\nfi\n";
			showEnvVarsInLog = 0;
		};
/* End PBXShellScriptBuildPhase section */

/* Begin PBXSourcesBuildPhase section */
		7EE589A51D43F56000B75180 /* Sources */ = {
			isa = PBXSourcesBuildPhase;
			buildActionMask = 2147483647;
			files = (
				7ED2F08D1D44EBAF00839CAF /* SliderViewController.m in Sources */,
				7EE589E41D43FDE400B75180 /* APIClient.m in Sources */,
				7EE589D81D43F87E00B75180 /* SwipeView.m in Sources */,
				7EE589B11D43F56000B75180 /* AppDelegate.m in Sources */,
				7EE589EB1D44044E00B75180 /* NewsCategory.m in Sources */,
				7EE589E11D43FDAE00B75180 /* ServiceManager.m in Sources */,
				7ED2F08A1D44EB0000839CAF /* SliderView.m in Sources */,
				7ED2F0911D44F65F00839CAF /* JSONValueTransformer+URLTransformer.m in Sources */,
				7EE589EE1D44061800B75180 /* NewsImages.m in Sources */,
				7EE589DC1D43F89D00B75180 /* CAPSPageMenu.m in Sources */,
				7EE58A001D44246F00B75180 /* StoriesResponse.m in Sources */,
				7ED2F0861D44E79700839CAF /* NewsCell.m in Sources */,
				7ED2F0811D44E4B200839CAF /* MainViewCotroller.m in Sources */,
				7EE589E81D44035400B75180 /* News.m in Sources */,
				7EE589F41D440C9800B75180 /* NewsPaging.m in Sources */,
				7EE58A031D4425B100B75180 /* BaseResponse.m in Sources */,
				7EE589FF1D44246F00B75180 /* CategoriesResponse.m in Sources */,
				7EE589AE1D43F56000B75180 /* main.m in Sources */,
			);
			runOnlyForDeploymentPostprocessing = 0;
		};
		7EE589BE1D43F56000B75180 /* Sources */ = {
			isa = PBXSourcesBuildPhase;
			buildActionMask = 2147483647;
			files = (
				7EE589C71D43F56000B75180 /* TNewsTests.m in Sources */,
			);
			runOnlyForDeploymentPostprocessing = 0;
		};
/* End PBXSourcesBuildPhase section */

/* Begin PBXTargetDependency section */
		7EE589C41D43F56000B75180 /* PBXTargetDependency */ = {
			isa = PBXTargetDependency;
			target = 7EE589A81D43F56000B75180 /* TNews */;
			targetProxy = 7EE589C31D43F56000B75180 /* PBXContainerItemProxy */;
		};
/* End PBXTargetDependency section */

/* Begin PBXVariantGroup section */
		7EE589B51D43F56000B75180 /* Main.storyboard */ = {
			isa = PBXVariantGroup;
			children = (
				7EE589B61D43F56000B75180 /* Base */,
			);
			name = Main.storyboard;
			sourceTree = "<group>";
		};
		7EE589BA1D43F56000B75180 /* LaunchScreen.storyboard */ = {
			isa = PBXVariantGroup;
			children = (
				7EE589BB1D43F56000B75180 /* Base */,
			);
			name = LaunchScreen.storyboard;
			sourceTree = "<group>";
		};
/* End PBXVariantGroup section */

/* Begin XCBuildConfiguration section */
		7EE589C91D43F56000B75180 /* Debug */ = {
			isa = XCBuildConfiguration;
			buildSettings = {
				ALWAYS_SEARCH_USER_PATHS = NO;
				CLANG_ANALYZER_NONNULL = YES;
				CLANG_CXX_LANGUAGE_STANDARD = "gnu++0x";
				CLANG_CXX_LIBRARY = "libc++";
				CLANG_ENABLE_MODULES = YES;
				CLANG_ENABLE_OBJC_ARC = YES;
				CLANG_WARN_BOOL_CONVERSION = YES;
				CLANG_WARN_CONSTANT_CONVERSION = YES;
				CLANG_WARN_DIRECT_OBJC_ISA_USAGE = YES_ERROR;
				CLANG_WARN_EMPTY_BODY = YES;
				CLANG_WARN_ENUM_CONVERSION = YES;
				CLANG_WARN_INT_CONVERSION = YES;
				CLANG_WARN_OBJC_ROOT_CLASS = YES_ERROR;
				CLANG_WARN_UNREACHABLE_CODE = YES;
				CLANG_WARN__DUPLICATE_METHOD_MATCH = YES;
				"CODE_SIGN_IDENTITY[sdk=iphoneos*]" = "iPhone Developer";
				COPY_PHASE_STRIP = NO;
				DEBUG_INFORMATION_FORMAT = dwarf;
				ENABLE_STRICT_OBJC_MSGSEND = YES;
				ENABLE_TESTABILITY = YES;
				GCC_C_LANGUAGE_STANDARD = gnu99;
				GCC_DYNAMIC_NO_PIC = NO;
				GCC_NO_COMMON_BLOCKS = YES;
				GCC_OPTIMIZATION_LEVEL = 0;
				GCC_PREPROCESSOR_DEFINITIONS = (
					"DEBUG=1",
					"$(inherited)",
				);
				GCC_WARN_64_TO_32_BIT_CONVERSION = YES;
				GCC_WARN_ABOUT_RETURN_TYPE = YES_ERROR;
				GCC_WARN_UNDECLARED_SELECTOR = YES;
				GCC_WARN_UNINITIALIZED_AUTOS = YES_AGGRESSIVE;
				GCC_WARN_UNUSED_FUNCTION = YES;
				GCC_WARN_UNUSED_VARIABLE = YES;
				IPHONEOS_DEPLOYMENT_TARGET = 9.3;
				MTL_ENABLE_DEBUG_INFO = YES;
				ONLY_ACTIVE_ARCH = YES;
				SDKROOT = iphoneos;
			};
			name = Debug;
		};
		7EE589CA1D43F56000B75180 /* Release */ = {
			isa = XCBuildConfiguration;
			buildSettings = {
				ALWAYS_SEARCH_USER_PATHS = NO;
				CLANG_ANALYZER_NONNULL = YES;
				CLANG_CXX_LANGUAGE_STANDARD = "gnu++0x";
				CLANG_CXX_LIBRARY = "libc++";
				CLANG_ENABLE_MODULES = YES;
				CLANG_ENABLE_OBJC_ARC = YES;
				CLANG_WARN_BOOL_CONVERSION = YES;
				CLANG_WARN_CONSTANT_CONVERSION = YES;
				CLANG_WARN_DIRECT_OBJC_ISA_USAGE = YES_ERROR;
				CLANG_WARN_EMPTY_BODY = YES;
				CLANG_WARN_ENUM_CONVERSION = YES;
				CLANG_WARN_INT_CONVERSION = YES;
				CLANG_WARN_OBJC_ROOT_CLASS = YES_ERROR;
				CLANG_WARN_UNREACHABLE_CODE = YES;
				CLANG_WARN__DUPLICATE_METHOD_MATCH = YES;
				"CODE_SIGN_IDENTITY[sdk=iphoneos*]" = "iPhone Developer";
				COPY_PHASE_STRIP = NO;
				DEBUG_INFORMATION_FORMAT = "dwarf-with-dsym";
				ENABLE_NS_ASSERTIONS = NO;
				ENABLE_STRICT_OBJC_MSGSEND = YES;
				GCC_C_LANGUAGE_STANDARD = gnu99;
				GCC_NO_COMMON_BLOCKS = YES;
				GCC_WARN_64_TO_32_BIT_CONVERSION = YES;
				GCC_WARN_ABOUT_RETURN_TYPE = YES_ERROR;
				GCC_WARN_UNDECLARED_SELECTOR = YES;
				GCC_WARN_UNINITIALIZED_AUTOS = YES_AGGRESSIVE;
				GCC_WARN_UNUSED_FUNCTION = YES;
				GCC_WARN_UNUSED_VARIABLE = YES;
				IPHONEOS_DEPLOYMENT_TARGET = 9.3;
				MTL_ENABLE_DEBUG_INFO = NO;
				SDKROOT = iphoneos;
				VALIDATE_PRODUCT = YES;
			};
			name = Release;
		};
		7EE589CC1D43F56000B75180 /* Debug */ = {
			isa = XCBuildConfiguration;
			baseConfigurationReference = EC819AFA874A1757A0808C86 /* Pods-TNews.debug.xcconfig */;
			buildSettings = {
				ASSETCATALOG_COMPILER_APPICON_NAME = AppIcon;
				GCC_PREFIX_HEADER = TNews/PrefixHeader.pch;
				INFOPLIST_FILE = TNews/Info.plist;
				LD_RUNPATH_SEARCH_PATHS = "$(inherited) @executable_path/Frameworks";
				PRODUCT_BUNDLE_IDENTIFIER = com.sonifex.TNews;
				PRODUCT_NAME = "$(TARGET_NAME)";
				USER_HEADER_SEARCH_PATHS = "";
			};
			name = Debug;
		};
		7EE589CD1D43F56000B75180 /* Release */ = {
			isa = XCBuildConfiguration;
			baseConfigurationReference = 8264FDA1B746A432DE096FA4 /* Pods-TNews.release.xcconfig */;
			buildSettings = {
				ASSETCATALOG_COMPILER_APPICON_NAME = AppIcon;
				GCC_PREFIX_HEADER = TNews/PrefixHeader.pch;
				INFOPLIST_FILE = TNews/Info.plist;
				LD_RUNPATH_SEARCH_PATHS = "$(inherited) @executable_path/Frameworks";
				PRODUCT_BUNDLE_IDENTIFIER = com.sonifex.TNews;
				PRODUCT_NAME = "$(TARGET_NAME)";
				USER_HEADER_SEARCH_PATHS = "";
			};
			name = Release;
		};
		7EE589CF1D43F56000B75180 /* Debug */ = {
			isa = XCBuildConfiguration;
			baseConfigurationReference = 43F30158BABD33BC65115FDE /* Pods-TNewsTests.debug.xcconfig */;
			buildSettings = {
				BUNDLE_LOADER = "$(TEST_HOST)";
				INFOPLIST_FILE = TNewsTests/Info.plist;
				LD_RUNPATH_SEARCH_PATHS = "$(inherited) @executable_path/Frameworks @loader_path/Frameworks";
				PRODUCT_BUNDLE_IDENTIFIER = com.sonifex.TNewsTests;
				PRODUCT_NAME = "$(TARGET_NAME)";
				TEST_HOST = "$(BUILT_PRODUCTS_DIR)/TNews.app/TNews";
			};
			name = Debug;
		};
		7EE589D01D43F56000B75180 /* Release */ = {
			isa = XCBuildConfiguration;
			baseConfigurationReference = BB96586F1511FB1CAAAF5FC1 /* Pods-TNewsTests.release.xcconfig */;
			buildSettings = {
				BUNDLE_LOADER = "$(TEST_HOST)";
				INFOPLIST_FILE = TNewsTests/Info.plist;
				LD_RUNPATH_SEARCH_PATHS = "$(inherited) @executable_path/Frameworks @loader_path/Frameworks";
				PRODUCT_BUNDLE_IDENTIFIER = com.sonifex.TNewsTests;
				PRODUCT_NAME = "$(TARGET_NAME)";
				TEST_HOST = "$(BUILT_PRODUCTS_DIR)/TNews.app/TNews";
			};
			name = Release;
		};
/* End XCBuildConfiguration section */

/* Begin XCConfigurationList section */
		7EE589A41D43F56000B75180 /* Build configuration list for PBXProject "TNews" */ = {
			isa = XCConfigurationList;
			buildConfigurations = (
				7EE589C91D43F56000B75180 /* Debug */,
				7EE589CA1D43F56000B75180 /* Release */,
			);
			defaultConfigurationIsVisible = 0;
			defaultConfigurationName = Release;
		};
		7EE589CB1D43F56000B75180 /* Build configuration list for PBXNativeTarget "TNews" */ = {
			isa = XCConfigurationList;
			buildConfigurations = (
				7EE589CC1D43F56000B75180 /* Debug */,
				7EE589CD1D43F56000B75180 /* Release */,
			);
			defaultConfigurationIsVisible = 0;
			defaultConfigurationName = Release;
		};
		7EE589CE1D43F56000B75180 /* Build configuration list for PBXNativeTarget "TNewsTests" */ = {
			isa = XCConfigurationList;
			buildConfigurations = (
				7EE589CF1D43F56000B75180 /* Debug */,
				7EE589D01D43F56000B75180 /* Release */,
			);
			defaultConfigurationIsVisible = 0;
			defaultConfigurationName = Release;
		};
/* End XCConfigurationList section */
	};
	rootObject = 7EE589A11D43F56000B75180 /* Project object */;
}
